
Microsoft Visual Studio Solution File, Format Version 12.00
# Visual Studio Version 17
VisualStudioVersion = 17.7.34009.444
MinimumVisualStudioVersion = 10.0.40219.1
Project("{9A19103F-16F7-4668-BE54-9A1E7A4F7556}") = "PaintballResults.Api", "PaintballResults.Api\PaintballResults.Api.csproj", "{51C0B37B-3331-4720-8A9C-0E415C3C6919}"
EndProject
Project("{2150E333-8FDC-42A3-9474-1A3956D46DE8}") = "Application", "Application", "{D6E88DF4-C2DE-4927-A6D0-41EAA8C34A97}"
EndProject
Project("{2150E333-8FDC-42A3-9474-1A3956D46DE8}") = "Domain", "Domain", "{B8DC2502-59BA-4BD1-B05F-C5086E49447A}"
EndProject
Project("{9A19103F-16F7-4668-BE54-9A1E7A4F7556}") = "Paintball", "Paintball\Paintball.csproj", "{09DBC1EC-B463-4F0E-99BD-42BBF6E95321}"
EndProject
Project("{9A19103F-16F7-4668-BE54-9A1E7A4F7556}") = "Paintball.Abstractions", "Paintball.Abstractions\Paintball.Abstractions.csproj", "{4A00A757-C230-4FB3-8239-B769F405BBCA}"
EndProject
Project("{2150E333-8FDC-42A3-9474-1A3956D46DE8}") = "Infrastructure", "Infrastructure", "{93FEAF9B-44D2-4434-BC84-B48D6E37D29D}"
EndProject
Project("{FAE04EC0-301F-11D3-BF4B-00C04F79EFBC}") = "Paintball.Database", "Paintball.Database\Paintball.Database.csproj", "{2E1F1D74-23EE-472C-9355-355142AAC4EB}"
EndProject
Project("{FAE04EC0-301F-11D3-BF4B-00C04F79EFBC}") = "Paintball.Database.Abstractions", "Paintball.Database.Abstractions\Paintball.Database.Abstractions.csproj", "{1ACC378C-AEA7-4C8D-9B8B-8CD43CD11C24}"
EndProject
Global
	GlobalSection(SolutionConfigurationPlatforms) = preSolution
		Debug|Any CPU = Debug|Any CPU
		Release|Any CPU = Release|Any CPU
	EndGlobalSection
	GlobalSection(ProjectConfigurationPlatforms) = postSolution
		{51C0B37B-3331-4720-8A9C-0E415C3C6919}.Debug|Any CPU.ActiveCfg = Debug|Any CPU
		{51C0B37B-3331-4720-8A9C-0E415C3C6919}.Debug|Any CPU.Build.0 = Debug|Any CPU
		{51C0B37B-3331-4720-8A9C-0E415C3C6919}.Release|Any CPU.ActiveCfg = Release|Any CPU
		{51C0B37B-3331-4720-8A9C-0E415C3C6919}.Release|Any CPU.Build.0 = Release|Any CPU
		{09DBC1EC-B463-4F0E-99BD-42BBF6E95321}.Debug|Any CPU.ActiveCfg = Debug|Any CPU
		{09DBC1EC-B463-4F0E-99BD-42BBF6E95321}.Debug|Any CPU.Build.0 = Debug|Any CPU
		{09DBC1EC-B463-4F0E-99BD-42BBF6E95321}.Release|Any CPU.ActiveCfg = Release|Any CPU
		{09DBC1EC-B463-4F0E-99BD-42BBF6E95321}.Release|Any CPU.Build.0 = Release|Any CPU
		{4A00A757-C230-4FB3-8239-B769F405BBCA}.Debug|Any CPU.ActiveCfg = Debug|Any CPU
		{4A00A757-C230-4FB3-8239-B769F405BBCA}.Debug|Any CPU.Build.0 = Debug|Any CPU
		{4A00A757-C230-4FB3-8239-B769F405BBCA}.Release|Any CPU.ActiveCfg = Release|Any CPU
		{4A00A757-C230-4FB3-8239-B769F405BBCA}.Release|Any CPU.Build.0 = Release|Any CPU
		{2E1F1D74-23EE-472C-9355-355142AAC4EB}.Debug|Any CPU.ActiveCfg = Debug|Any CPU
		{2E1F1D74-23EE-472C-9355-355142AAC4EB}.Debug|Any CPU.Build.0 = Debug|Any CPU
		{2E1F1D74-23EE-472C-9355-355142AAC4EB}.Release|Any CPU.ActiveCfg = Release|Any CPU
		{2E1F1D74-23EE-472C-9355-355142AAC4EB}.Release|Any CPU.Build.0 = Release|Any CPU
		{1ACC378C-AEA7-4C8D-9B8B-8CD43CD11C24}.Debug|Any CPU.ActiveCfg = Debug|Any CPU
		{1ACC378C-AEA7-4C8D-9B8B-8CD43CD11C24}.Debug|Any CPU.Build.0 = Debug|Any CPU
		{1ACC378C-AEA7-4C8D-9B8B-8CD43CD11C24}.Release|Any CPU.ActiveCfg = Release|Any CPU
		{1ACC378C-AEA7-4C8D-9B8B-8CD43CD11C24}.Release|Any CPU.Build.0 = Release|Any CPU
	EndGlobalSection
	GlobalSection(SolutionProperties) = preSolution
		HideSolutionNode = FALSE
	EndGlobalSection
	GlobalSection(NestedProjects) = preSolution
		{51C0B37B-3331-4720-8A9C-0E415C3C6919} = {D6E88DF4-C2DE-4927-A6D0-41EAA8C34A97}
		{09DBC1EC-B463-4F0E-99BD-42BBF6E95321} = {B8DC2502-59BA-4BD1-B05F-C5086E49447A}
		{4A00A757-C230-4FB3-8239-B769F405BBCA} = {B8DC2502-59BA-4BD1-B05F-C5086E49447A}
		{2E1F1D74-23EE-472C-9355-355142AAC4EB} = {93FEAF9B-44D2-4434-BC84-B48D6E37D29D}
		{1ACC378C-AEA7-4C8D-9B8B-8CD43CD11C24} = {93FEAF9B-44D2-4434-BC84-B48D6E37D29D}
	EndGlobalSection
	GlobalSection(ExtensibilityGlobals) = postSolution
		SolutionGuid = {1FDA953E-1B3E-4436-AE0C-D4964A1478C3}
	EndGlobalSection
EndGlobal
