
Microsoft Visual Studio Solution File, Format Version 12.00
# Visual Studio Version 17
VisualStudioVersion = 17.7.34009.444
MinimumVisualStudioVersion = 10.0.40219.1
Project("{9A19103F-16F7-4668-BE54-9A1E7A4F7556}") = "PaintballResults.Api", "PaintballResults.Api\PaintballResults.Api.csproj", "{51C0B37B-3331-4720-8A9C-0E415C3C6919}"
EndProject
Project("{2150E333-8FDC-42A3-9474-1A3956D46DE8}") = "Application", "Application", "{D6E88DF4-C2DE-4927-A6D0-41EAA8C34A97}"
EndProject
Project("{2150E333-8FDC-42A3-9474-1A3956D46DE8}") = "Domain", "Domain", "{B8DC2502-59BA-4BD1-B05F-C5086E49447A}"
EndProject
Project("{9A19103F-16F7-4668-BE54-9A1E7A4F7556}") = "Paintball", "Paintball\Paintball.csproj", "{09DBC1EC-B463-4F0E-99BD-42BBF6E95321}"
EndProject
Project("{9A19103F-16F7-4668-BE54-9A1E7A4F7556}") = "Paintball.Abstractions", "Paintball.Abstractions\Paintball.Abstractions.csproj", "{4A00A757-C230-4FB3-8239-B769F405BBCA}"
EndProject
Project("{2150E333-8FDC-42A3-9474-1A3956D46DE8}") = "Infrastructure", "Infrastructure", "{93FEAF9B-44D2-4434-BC84-B48D6E37D29D}"
EndProject
Project("{9A19103F-16F7-4668-BE54-9A1E7A4F7556}") = "Paintball.Database", "Paintball.Database\Paintball.Database.csproj", "{804FCDAB-088F-499B-BE24-B07794216D25}"
EndProject
Project("{9A19103F-16F7-4668-BE54-9A1E7A4F7556}") = "Paintball.Database.Abstractions", "Paintball.Database.Abstractions\Paintball.Database.Abstractions.csproj", "{1ACC378C-AEA7-4C8D-9B8B-8CD43CD11C24}"
EndProject
Project("{2150E333-8FDC-42A3-9474-1A3956D46DE8}") = "Tests", "Tests", "{69EB5EDF-361B-41F7-8E3B-64CDFDCDC360}"
EndProject
Project("{2150E333-8FDC-42A3-9474-1A3956D46DE8}") = "Application", "Application", "{E312F66E-BE45-4C97-AC96-F977A44F33E2}"
EndProject
Project("{2150E333-8FDC-42A3-9474-1A3956D46DE8}") = "Domain", "Domain", "{03721174-7E02-4147-B0DD-705F34CA7E3E}"
EndProject
Project("{2150E333-8FDC-42A3-9474-1A3956D46DE8}") = "Infrastructure", "Infrastructure", "{741B2C45-A1CE-4479-971D-BE10EE011475}"
EndProject
Project("{9A19103F-16F7-4668-BE54-9A1E7A4F7556}") = "PaintballResults.Api.Tests", "PaintballResults.Api.Tests\PaintballResults.Api.Tests.csproj", "{4A6CCFFF-92C5-466F-A969-EDEDB8746757}"
EndProject
Project("{9A19103F-16F7-4668-BE54-9A1E7A4F7556}") = "Paintball.Tests", "Paintball.Tests\Paintball.Tests.csproj", "{7E23282D-8645-4DA3-BD21-07324316F676}"
EndProject
Project("{9A19103F-16F7-4668-BE54-9A1E7A4F7556}") = "Paintball.Database.Tests", "Paintball.Database.Tests\Paintball.Database.Tests.csproj", "{9FCB4F48-34C7-4E02-A0FE-63495E15CEF9}"
EndProject
Project("{FAE04EC0-301F-11D3-BF4B-00C04F79EFBC}") = "PaintballResult.Api.Blazor", "PaintballResult.Api.Blazor\PaintballResult.Api.Blazor.csproj", "{F806EAED-0BD7-423C-96F9-F1A2B7AEE31E}"
EndProject
Global
	GlobalSection(SolutionConfigurationPlatforms) = preSolution
		Debug|Any CPU = Debug|Any CPU
		Release|Any CPU = Release|Any CPU
	EndGlobalSection
	GlobalSection(ProjectConfigurationPlatforms) = postSolution
		{51C0B37B-3331-4720-8A9C-0E415C3C6919}.Debug|Any CPU.ActiveCfg = Debug|Any CPU
		{51C0B37B-3331-4720-8A9C-0E415C3C6919}.Debug|Any CPU.Build.0 = Debug|Any CPU
		{51C0B37B-3331-4720-8A9C-0E415C3C6919}.Release|Any CPU.ActiveCfg = Release|Any CPU
		{51C0B37B-3331-4720-8A9C-0E415C3C6919}.Release|Any CPU.Build.0 = Release|Any CPU
		{09DBC1EC-B463-4F0E-99BD-42BBF6E95321}.Debug|Any CPU.ActiveCfg = Debug|Any CPU
		{09DBC1EC-B463-4F0E-99BD-42BBF6E95321}.Debug|Any CPU.Build.0 = Debug|Any CPU
		{09DBC1EC-B463-4F0E-99BD-42BBF6E95321}.Release|Any CPU.ActiveCfg = Release|Any CPU
		{09DBC1EC-B463-4F0E-99BD-42BBF6E95321}.Release|Any CPU.Build.0 = Release|Any CPU
		{4A00A757-C230-4FB3-8239-B769F405BBCA}.Debug|Any CPU.ActiveCfg = Debug|Any CPU
		{4A00A757-C230-4FB3-8239-B769F405BBCA}.Debug|Any CPU.Build.0 = Debug|Any CPU
		{4A00A757-C230-4FB3-8239-B769F405BBCA}.Release|Any CPU.ActiveCfg = Release|Any CPU
		{4A00A757-C230-4FB3-8239-B769F405BBCA}.Release|Any CPU.Build.0 = Release|Any CPU
		{804FCDAB-088F-499B-BE24-B07794216D25}.Debug|Any CPU.ActiveCfg = Debug|Any CPU
		{804FCDAB-088F-499B-BE24-B07794216D25}.Debug|Any CPU.Build.0 = Debug|Any CPU
		{804FCDAB-088F-499B-BE24-B07794216D25}.Release|Any CPU.ActiveCfg = Release|Any CPU
		{804FCDAB-088F-499B-BE24-B07794216D25}.Release|Any CPU.Build.0 = Release|Any CPU
		{1ACC378C-AEA7-4C8D-9B8B-8CD43CD11C24}.Debug|Any CPU.ActiveCfg = Debug|Any CPU
		{1ACC378C-AEA7-4C8D-9B8B-8CD43CD11C24}.Debug|Any CPU.Build.0 = Debug|Any CPU
		{1ACC378C-AEA7-4C8D-9B8B-8CD43CD11C24}.Release|Any CPU.ActiveCfg = Release|Any CPU
		{1ACC378C-AEA7-4C8D-9B8B-8CD43CD11C24}.Release|Any CPU.Build.0 = Release|Any CPU
		{4A6CCFFF-92C5-466F-A969-EDEDB8746757}.Debug|Any CPU.ActiveCfg = Debug|Any CPU
		{4A6CCFFF-92C5-466F-A969-EDEDB8746757}.Debug|Any CPU.Build.0 = Debug|Any CPU
		{4A6CCFFF-92C5-466F-A969-EDEDB8746757}.Release|Any CPU.ActiveCfg = Release|Any CPU
		{4A6CCFFF-92C5-466F-A969-EDEDB8746757}.Release|Any CPU.Build.0 = Release|Any CPU
		{7E23282D-8645-4DA3-BD21-07324316F676}.Debug|Any CPU.ActiveCfg = Debug|Any CPU
		{7E23282D-8645-4DA3-BD21-07324316F676}.Debug|Any CPU.Build.0 = Debug|Any CPU
		{7E23282D-8645-4DA3-BD21-07324316F676}.Release|Any CPU.ActiveCfg = Release|Any CPU
		{7E23282D-8645-4DA3-BD21-07324316F676}.Release|Any CPU.Build.0 = Release|Any CPU
		{9FCB4F48-34C7-4E02-A0FE-63495E15CEF9}.Debug|Any CPU.ActiveCfg = Debug|Any CPU
		{9FCB4F48-34C7-4E02-A0FE-63495E15CEF9}.Debug|Any CPU.Build.0 = Debug|Any CPU
		{9FCB4F48-34C7-4E02-A0FE-63495E15CEF9}.Release|Any CPU.ActiveCfg = Release|Any CPU
		{9FCB4F48-34C7-4E02-A0FE-63495E15CEF9}.Release|Any CPU.Build.0 = Release|Any CPU
		{F806EAED-0BD7-423C-96F9-F1A2B7AEE31E}.Debug|Any CPU.ActiveCfg = Debug|Any CPU
		{F806EAED-0BD7-423C-96F9-F1A2B7AEE31E}.Debug|Any CPU.Build.0 = Debug|Any CPU
		{F806EAED-0BD7-423C-96F9-F1A2B7AEE31E}.Release|Any CPU.ActiveCfg = Release|Any CPU
		{F806EAED-0BD7-423C-96F9-F1A2B7AEE31E}.Release|Any CPU.Build.0 = Release|Any CPU
	EndGlobalSection
	GlobalSection(SolutionProperties) = preSolution
		HideSolutionNode = FALSE
	EndGlobalSection
	GlobalSection(NestedProjects) = preSolution
		{51C0B37B-3331-4720-8A9C-0E415C3C6919} = {D6E88DF4-C2DE-4927-A6D0-41EAA8C34A97}
		{09DBC1EC-B463-4F0E-99BD-42BBF6E95321} = {B8DC2502-59BA-4BD1-B05F-C5086E49447A}
		{4A00A757-C230-4FB3-8239-B769F405BBCA} = {B8DC2502-59BA-4BD1-B05F-C5086E49447A}
		{804FCDAB-088F-499B-BE24-B07794216D25} = {93FEAF9B-44D2-4434-BC84-B48D6E37D29D}
		{1ACC378C-AEA7-4C8D-9B8B-8CD43CD11C24} = {93FEAF9B-44D2-4434-BC84-B48D6E37D29D}
		{E312F66E-BE45-4C97-AC96-F977A44F33E2} = {69EB5EDF-361B-41F7-8E3B-64CDFDCDC360}
		{03721174-7E02-4147-B0DD-705F34CA7E3E} = {69EB5EDF-361B-41F7-8E3B-64CDFDCDC360}
		{741B2C45-A1CE-4479-971D-BE10EE011475} = {69EB5EDF-361B-41F7-8E3B-64CDFDCDC360}
		{4A6CCFFF-92C5-466F-A969-EDEDB8746757} = {E312F66E-BE45-4C97-AC96-F977A44F33E2}
		{7E23282D-8645-4DA3-BD21-07324316F676} = {03721174-7E02-4147-B0DD-705F34CA7E3E}
		{9FCB4F48-34C7-4E02-A0FE-63495E15CEF9} = {741B2C45-A1CE-4479-971D-BE10EE011475}
	EndGlobalSection
	GlobalSection(ExtensibilityGlobals) = postSolution
		SolutionGuid = {1FDA953E-1B3E-4436-AE0C-D4964A1478C3}
	EndGlobalSection
EndGlobal
