
Microsoft Visual Studio Solution File, Format Version 12.00
# Visual Studio Version 17
VisualStudioVersion = 17.7.34202.233
MinimumVisualStudioVersion = 10.0.40219.1
Project("{2150E333-8FDC-42A3-9474-1A3956D46DE8}") = "src", "src", "{7B75E701-1844-4EAC-8118-CE9E4A0F7D10}"
EndProject
Project("{2150E333-8FDC-42A3-9474-1A3956D46DE8}") = "tests", "tests", "{CAEF6BFA-35E6-48D9-B562-3D0F8ED1E90D}"
EndProject
Project("{2150E333-8FDC-42A3-9474-1A3956D46DE8}") = "Application", "Application", "{73FDBF9C-E6C4-40CB-B928-0B4BC9760ADB}"
EndProject
Project("{2150E333-8FDC-42A3-9474-1A3956D46DE8}") = "Infrastructure", "Infrastructure", "{A9B1D260-3675-4BAD-8C30-F4CB998246E8}"
EndProject
Project("{2150E333-8FDC-42A3-9474-1A3956D46DE8}") = "Domain", "Domain", "{49078537-0141-4BF0-B654-1E4AE86A23B5}"
EndProject
Project("{2150E333-8FDC-42A3-9474-1A3956D46DE8}") = "Application", "Application", "{F53B4DB2-B167-4BF6-AB05-19E94F8DBAE8}"
EndProject
Project("{2150E333-8FDC-42A3-9474-1A3956D46DE8}") = "Domain", "Domain", "{EA330F12-A3CB-4124-A12E-C0AD3DD69CA6}"
EndProject
Project("{2150E333-8FDC-42A3-9474-1A3956D46DE8}") = "Infrastructure", "Infrastructure", "{4A4AAAFC-B651-4670-8512-9A6005AC8F03}"
EndProject
Global
	GlobalSection(SolutionProperties) = preSolution
		HideSolutionNode = FALSE
	EndGlobalSection
	GlobalSection(NestedProjects) = preSolution
		{73FDBF9C-E6C4-40CB-B928-0B4BC9760ADB} = {7B75E701-1844-4EAC-8118-CE9E4A0F7D10}
		{A9B1D260-3675-4BAD-8C30-F4CB998246E8} = {7B75E701-1844-4EAC-8118-CE9E4A0F7D10}
		{49078537-0141-4BF0-B654-1E4AE86A23B5} = {7B75E701-1844-4EAC-8118-CE9E4A0F7D10}
		{F53B4DB2-B167-4BF6-AB05-19E94F8DBAE8} = {CAEF6BFA-35E6-48D9-B562-3D0F8ED1E90D}
		{EA330F12-A3CB-4124-A12E-C0AD3DD69CA6} = {CAEF6BFA-35E6-48D9-B562-3D0F8ED1E90D}
		{4A4AAAFC-B651-4670-8512-9A6005AC8F03} = {CAEF6BFA-35E6-48D9-B562-3D0F8ED1E90D}
	EndGlobalSection
	GlobalSection(ExtensibilityGlobals) = postSolution
		SolutionGuid = {DB1EB528-6136-403F-A5D1-0F36992E4D72}
	EndGlobalSection
EndGlobal
